
Microsoft Visual Studio Solution File, Format Version 12.00
# Visual Studio Version 16
VisualStudioVersion = 16.0.31424.327
MinimumVisualStudioVersion = 10.0.40219.1
Project("{FAE04EC0-301F-11D3-BF4B-00C04F79EFBC}") = "csharp-server", "csharp-server\csharp-server.csproj", "{878C5DDD-5A70-4860-92C0-504D502F68D4}"
EndProject
Global
	GlobalSection(SolutionConfigurationPlatforms) = preSolution
		Debug|Any CPU = Debug|Any CPU
		Release|Any CPU = Release|Any CPU
	EndGlobalSection
	GlobalSection(ProjectConfigurationPlatforms) = postSolution
		{878C5DDD-5A70-4860-92C0-504D502F68D4}.Debug|Any CPU.ActiveCfg = Debug|Any CPU
		{878C5DDD-5A70-4860-92C0-504D502F68D4}.Debug|Any CPU.Build.0 = Debug|Any CPU
		{878C5DDD-5A70-4860-92C0-504D502F68D4}.Release|Any CPU.ActiveCfg = Release|Any CPU
		{878C5DDD-5A70-4860-92C0-504D502F68D4}.Release|Any CPU.Build.0 = Release|Any CPU
	EndGlobalSection
	GlobalSection(SolutionProperties) = preSolution
		HideSolutionNode = FALSE
	EndGlobalSection
	GlobalSection(ExtensibilityGlobals) = postSolution
		SolutionGuid = {1F226716-33B0-4350-8318-9E76AEF34124}
	EndGlobalSection
EndGlobal
